{
  "lockfileVersion": 1,
  "configVersion": 1,
  "workspaces": {
    "": {
      "name": "gozdar-proxy",
      "dependencies": {
        "proj4": "^2.9.0",
      },
    },
  },
  "packages": {
    "mgrs": ["mgrs@1.0.0", "", {}, "sha512-awNbTOqCxK1DBGjalK3xqWIstBZgN6fxsMSiXLs9/spqWkF2pAhb2rrYCFSsr1/tT7PhcDGjZndG8SWYn0byYA=="],

    "proj4": ["proj4@2.20.2", "", { "dependencies": { "mgrs": "1.0.0", "wkt-parser": "^1.5.1" } }, "sha512-ipfBRfQly0HhHTO7hnC1GfaX8bvroO7VV4KH889ehmADSE8C/qzp2j+Jj6783S9Tj6c2qX/hhYm7oH0kgXzBAA=="],

    "wkt-parser": ["wkt-parser@1.5.2", "", {}, "sha512-1ZUiV1FTwSiSrgWzV9KXJuOF2BVW91KY/mau04BhnmgOdroRQea7Q0s5TVqwGLm0D2tZwObd/tBYXW49sSxp3Q=="],
  }
}
