{
  "name": "gozdar-proxy",
  "version": "1.0.0",
  "lockfileVersion": 3,
  "requires": true,
  "packages": {
    "": {
      "name": "gozdar-proxy",
      "version": "1.0.0",
      "license": "ISC",
      "dependencies": {
        "proj4": "^2.9.0"
      }
    },
    "node_modules/mgrs": {
      "version": "1.0.0",
      "license": "MIT"
    },
    "node_modules/proj4": {
      "version": "2.20.2",
      "license": "MIT",
      "dependencies": {
        "mgrs": "1.0.0",
        "wkt-parser": "^1.5.1"
      },
      "funding": {
        "url": "https://github.com/sponsors/ahocevar"
      }
    },
    "node_modules/wkt-parser": {
      "version": "1.5.2",
      "license": "MIT"
    }
  }
}
